// !$*UTF8*$!
{
	archiveVersion = 1;
	classes = {
	};
	objectVersion = 50;
	objects = {

/* Begin PBXBuildFile section */
		3AD9B81E95C33E714E622893 /* Pods_Parstagram.framework in Frameworks */ = {isa = PBXBuildFile; fileRef = 53FF7A7D338573BDCBEC7261 /* Pods_Parstagram.framework */; };
		4652D6D31BCB1169D2FEDA14 /* Pods_ParstagramTests.framework in Frameworks */ = {isa = PBXBuildFile; fileRef = 4FD412162000CDFCF2642AA8 /* Pods_ParstagramTests.framework */; };
		6A66C7EE6EB77D405E46B5FF /* Pods_ParstagramUITests.framework in Frameworks */ = {isa = PBXBuildFile; fileRef = 9E8C61335D583D84CA12C5A3 /* Pods_ParstagramUITests.framework */; };
		929DBDAE22234B7700EDDF54 /* CommentCell.swift in Sources */ = {isa = PBXBuildFile; fileRef = 929DBDAD22234B7700EDDF54 /* CommentCell.swift */; };
		92DFFF00221A014E008D00E4 /* AppDelegate.swift in Sources */ = {isa = PBXBuildFile; fileRef = 92DFFEFF221A014E008D00E4 /* AppDelegate.swift */; };
		92DFFF05221A014E008D00E4 /* Main.storyboard in Resources */ = {isa = PBXBuildFile; fileRef = 92DFFF03221A014E008D00E4 /* Main.storyboard */; };
		92DFFF07221A014F008D00E4 /* Assets.xcassets in Resources */ = {isa = PBXBuildFile; fileRef = 92DFFF06221A014F008D00E4 /* Assets.xcassets */; };
		92DFFF0A221A014F008D00E4 /* LaunchScreen.storyboard in Resources */ = {isa = PBXBuildFile; fileRef = 92DFFF08221A014F008D00E4 /* LaunchScreen.storyboard */; };
		92DFFF15221A0150008D00E4 /* ParstagramTests.swift in Sources */ = {isa = PBXBuildFile; fileRef = 92DFFF14221A0150008D00E4 /* ParstagramTests.swift */; };
		92DFFF20221A0150008D00E4 /* ParstagramUITests.swift in Sources */ = {isa = PBXBuildFile; fileRef = 92DFFF1F221A0150008D00E4 /* ParstagramUITests.swift */; };
		92DFFF2E221A15CD008D00E4 /* LoginViewController.swift in Sources */ = {isa = PBXBuildFile; fileRef = 92DFFF2D221A15CD008D00E4 /* LoginViewController.swift */; };
		92DFFF30221A15DB008D00E4 /* FeedViewController.swift in Sources */ = {isa = PBXBuildFile; fileRef = 92DFFF2F221A15DB008D00E4 /* FeedViewController.swift */; };
		92DFFF32221A1F63008D00E4 /* CameraViewController.swift in Sources */ = {isa = PBXBuildFile; fileRef = 92DFFF31221A1F63008D00E4 /* CameraViewController.swift */; };
		92DFFF34221A509A008D00E4 /* PostCell.swift in Sources */ = {isa = PBXBuildFile; fileRef = 92DFFF33221A509A008D00E4 /* PostCell.swift */; };
/* End PBXBuildFile section */

/* Begin PBXContainerItemProxy section */
		92DFFF11221A0150008D00E4 /* PBXContainerItemProxy */ = {
			isa = PBXContainerItemProxy;
			containerPortal = 92DFFEF4221A014E008D00E4 /* Project object */;
			proxyType = 1;
			remoteGlobalIDString = 92DFFEFB221A014E008D00E4;
			remoteInfo = Parstagram;
		};
		92DFFF1C221A0150008D00E4 /* PBXContainerItemProxy */ = {
			isa = PBXContainerItemProxy;
			containerPortal = 92DFFEF4221A014E008D00E4 /* Project object */;
			proxyType = 1;
			remoteGlobalIDString = 92DFFEFB221A014E008D00E4;
			remoteInfo = Parstagram;
		};
/* End PBXContainerItemProxy section */

/* Begin PBXFileReference section */
		172EF0C1EAB60CBC4CB6CE12 /* Pods-Parstagram.debug.xcconfig */ = {isa = PBXFileReference; includeInIndex = 1; lastKnownFileType = text.xcconfig; name = "Pods-Parstagram.debug.xcconfig"; path = "Pods/Target Support Files/Pods-Parstagram/Pods-Parstagram.debug.xcconfig"; sourceTree = "<group>"; };
		4DCFE1281C74F5D799A2934B /* Pods-ParstagramUITests.release.xcconfig */ = {isa = PBXFileReference; includeInIndex = 1; lastKnownFileType = text.xcconfig; name = "Pods-ParstagramUITests.release.xcconfig"; path = "Pods/Target Support Files/Pods-ParstagramUITests/Pods-ParstagramUITests.release.xcconfig"; sourceTree = "<group>"; };
		4FD412162000CDFCF2642AA8 /* Pods_ParstagramTests.framework */ = {isa = PBXFileReference; explicitFileType = wrapper.framework; includeInIndex = 0; path = Pods_ParstagramTests.framework; sourceTree = BUILT_PRODUCTS_DIR; };
		53FF7A7D338573BDCBEC7261 /* Pods_Parstagram.framework */ = {isa = PBXFileReference; explicitFileType = wrapper.framework; includeInIndex = 0; path = Pods_Parstagram.framework; sourceTree = BUILT_PRODUCTS_DIR; };
		54FDB65B99E9C9479C16DB5A /* Pods-ParstagramUITests.debug.xcconfig */ = {isa = PBXFileReference; includeInIndex = 1; lastKnownFileType = text.xcconfig; name = "Pods-ParstagramUITests.debug.xcconfig"; path = "Pods/Target Support Files/Pods-ParstagramUITests/Pods-ParstagramUITests.debug.xcconfig"; sourceTree = "<group>"; };
		8A74B54F2741B79A204E7660 /* Pods-ParstagramTests.debug.xcconfig */ = {isa = PBXFileReference; includeInIndex = 1; lastKnownFileType = text.xcconfig; name = "Pods-ParstagramTests.debug.xcconfig"; path = "Pods/Target Support Files/Pods-ParstagramTests/Pods-ParstagramTests.debug.xcconfig"; sourceTree = "<group>"; };
		8DD0837C18850AE500FEF38A /* Pods-Parstagram.release.xcconfig */ = {isa = PBXFileReference; includeInIndex = 1; lastKnownFileType = text.xcconfig; name = "Pods-Parstagram.release.xcconfig"; path = "Pods/Target Support Files/Pods-Parstagram/Pods-Parstagram.release.xcconfig"; sourceTree = "<group>"; };
		8F31DE8E055A6919CAE4F2B4 /* Pods-ParstagramTests.release.xcconfig */ = {isa = PBXFileReference; includeInIndex = 1; lastKnownFileType = text.xcconfig; name = "Pods-ParstagramTests.release.xcconfig"; path = "Pods/Target Support Files/Pods-ParstagramTests/Pods-ParstagramTests.release.xcconfig"; sourceTree = "<group>"; };
		929DBDAD22234B7700EDDF54 /* CommentCell.swift */ = {isa = PBXFileReference; lastKnownFileType = sourcecode.swift; path = CommentCell.swift; sourceTree = "<group>"; };
		92DFFEFC221A014E008D00E4 /* Parstagram.app */ = {isa = PBXFileReference; explicitFileType = wrapper.application; includeInIndex = 0; path = Parstagram.app; sourceTree = BUILT_PRODUCTS_DIR; };
		92DFFEFF221A014E008D00E4 /* AppDelegate.swift */ = {isa = PBXFileReference; lastKnownFileType = sourcecode.swift; path = AppDelegate.swift; sourceTree = "<group>"; };
		92DFFF04221A014E008D00E4 /* Base */ = {isa = PBXFileReference; lastKnownFileType = file.storyboard; name = Base; path = Base.lproj/Main.storyboard; sourceTree = "<group>"; };
		92DFFF06221A014F008D00E4 /* Assets.xcassets */ = {isa = PBXFileReference; lastKnownFileType = folder.assetcatalog; path = Assets.xcassets; sourceTree = "<group>"; };
		92DFFF09221A014F008D00E4 /* Base */ = {isa = PBXFileReference; lastKnownFileType = file.storyboard; name = Base; path = Base.lproj/LaunchScreen.storyboard; sourceTree = "<group>"; };
		92DFFF0B221A014F008D00E4 /* Info.plist */ = {isa = PBXFileReference; lastKnownFileType = text.plist.xml; path = Info.plist; sourceTree = "<group>"; };
		92DFFF10221A0150008D00E4 /* ParstagramTests.xctest */ = {isa = PBXFileReference; explicitFileType = wrapper.cfbundle; includeInIndex = 0; path = ParstagramTests.xctest; sourceTree = BUILT_PRODUCTS_DIR; };
		92DFFF14221A0150008D00E4 /* ParstagramTests.swift */ = {isa = PBXFileReference; lastKnownFileType = sourcecode.swift; path = ParstagramTests.swift; sourceTree = "<group>"; };
		92DFFF16221A0150008D00E4 /* Info.plist */ = {isa = PBXFileReference; lastKnownFileType = text.plist.xml; path = Info.plist; sourceTree = "<group>"; };
		92DFFF1B221A0150008D00E4 /* ParstagramUITests.xctest */ = {isa = PBXFileReference; explicitFileType = wrapper.cfbundle; includeInIndex = 0; path = ParstagramUITests.xctest; sourceTree = BUILT_PRODUCTS_DIR; };
		92DFFF1F221A0150008D00E4 /* ParstagramUITests.swift */ = {isa = PBXFileReference; lastKnownFileType = sourcecode.swift; path = ParstagramUITests.swift; sourceTree = "<group>"; };
		92DFFF21221A0150008D00E4 /* Info.plist */ = {isa = PBXFileReference; lastKnownFileType = text.plist.xml; path = Info.plist; sourceTree = "<group>"; };
		92DFFF2D221A15CD008D00E4 /* LoginViewController.swift */ = {isa = PBXFileReference; lastKnownFileType = sourcecode.swift; path = LoginViewController.swift; sourceTree = "<group>"; };
		92DFFF2F221A15DB008D00E4 /* FeedViewController.swift */ = {isa = PBXFileReference; lastKnownFileType = sourcecode.swift; path = FeedViewController.swift; sourceTree = "<group>"; };
		92DFFF31221A1F63008D00E4 /* CameraViewController.swift */ = {isa = PBXFileReference; lastKnownFileType = sourcecode.swift; path = CameraViewController.swift; sourceTree = "<group>"; };
		92DFFF33221A509A008D00E4 /* PostCell.swift */ = {isa = PBXFileReference; lastKnownFileType = sourcecode.swift; path = PostCell.swift; sourceTree = "<group>"; };
		9E8C61335D583D84CA12C5A3 /* Pods_ParstagramUITests.framework */ = {isa = PBXFileReference; explicitFileType = wrapper.framework; includeInIndex = 0; path = Pods_ParstagramUITests.framework; sourceTree = BUILT_PRODUCTS_DIR; };
/* End PBXFileReference section */

/* Begin PBXFrameworksBuildPhase section */
		92DFFEF9221A014E008D00E4 /* Frameworks */ = {
			isa = PBXFrameworksBuildPhase;
			buildActionMask = 2147483647;
			files = (
				3AD9B81E95C33E714E622893 /* Pods_Parstagram.framework in Frameworks */,
			);
			runOnlyForDeploymentPostprocessing = 0;
		};
		92DFFF0D221A0150008D00E4 /* Frameworks */ = {
			isa = PBXFrameworksBuildPhase;
			buildActionMask = 2147483647;
			files = (
				4652D6D31BCB1169D2FEDA14 /* Pods_ParstagramTests.framework in Frameworks */,
			);
			runOnlyForDeploymentPostprocessing = 0;
		};
		92DFFF18221A0150008D00E4 /* Frameworks */ = {
			isa = PBXFrameworksBuildPhase;
			buildActionMask = 2147483647;
			files = (
				6A66C7EE6EB77D405E46B5FF /* Pods_ParstagramUITests.framework in Frameworks */,
			);
			runOnlyForDeploymentPostprocessing = 0;
		};
/* End PBXFrameworksBuildPhase section */

/* Begin PBXGroup section */
		76DCA72D82E9975DDA369611 /* Pods */ = {
			isa = PBXGroup;
			children = (
				172EF0C1EAB60CBC4CB6CE12 /* Pods-Parstagram.debug.xcconfig */,
				8DD0837C18850AE500FEF38A /* Pods-Parstagram.release.xcconfig */,
				8A74B54F2741B79A204E7660 /* Pods-ParstagramTests.debug.xcconfig */,
				8F31DE8E055A6919CAE4F2B4 /* Pods-ParstagramTests.release.xcconfig */,
				54FDB65B99E9C9479C16DB5A /* Pods-ParstagramUITests.debug.xcconfig */,
				4DCFE1281C74F5D799A2934B /* Pods-ParstagramUITests.release.xcconfig */,
			);
			name = Pods;
			sourceTree = "<group>";
		};
		92DFFEF3221A014E008D00E4 = {
			isa = PBXGroup;
			children = (
				92DFFEFE221A014E008D00E4 /* Parstagram */,
				92DFFF13221A0150008D00E4 /* ParstagramTests */,
				92DFFF1E221A0150008D00E4 /* ParstagramUITests */,
				92DFFEFD221A014E008D00E4 /* Products */,
				76DCA72D82E9975DDA369611 /* Pods */,
				B58524E63C5193F9F20CC2A0 /* Frameworks */,
			);
			sourceTree = "<group>";
		};
		92DFFEFD221A014E008D00E4 /* Products */ = {
			isa = PBXGroup;
			children = (
				92DFFEFC221A014E008D00E4 /* Parstagram.app */,
				92DFFF10221A0150008D00E4 /* ParstagramTests.xctest */,
				92DFFF1B221A0150008D00E4 /* ParstagramUITests.xctest */,
			);
			name = Products;
			sourceTree = "<group>";
		};
		92DFFEFE221A014E008D00E4 /* Parstagram */ = {
			isa = PBXGroup;
			children = (
				92DFFEFF221A014E008D00E4 /* AppDelegate.swift */,
				92DFFF03221A014E008D00E4 /* Main.storyboard */,
				92DFFF06221A014F008D00E4 /* Assets.xcassets */,
				92DFFF08221A014F008D00E4 /* LaunchScreen.storyboard */,
				92DFFF0B221A014F008D00E4 /* Info.plist */,
				92DFFF2D221A15CD008D00E4 /* LoginViewController.swift */,
				92DFFF2F221A15DB008D00E4 /* FeedViewController.swift */,
				92DFFF31221A1F63008D00E4 /* CameraViewController.swift */,
				92DFFF33221A509A008D00E4 /* PostCell.swift */,
				929DBDAD22234B7700EDDF54 /* CommentCell.swift */,
			);
			path = Parstagram;
			sourceTree = "<group>";
		};
		92DFFF13221A0150008D00E4 /* ParstagramTests */ = {
			isa = PBXGroup;
			children = (
				92DFFF14221A0150008D00E4 /* ParstagramTests.swift */,
				92DFFF16221A0150008D00E4 /* Info.plist */,
			);
			path = ParstagramTests;
			sourceTree = "<group>";
		};
		92DFFF1E221A0150008D00E4 /* ParstagramUITests */ = {
			isa = PBXGroup;
			children = (
				92DFFF1F221A0150008D00E4 /* ParstagramUITests.swift */,
				92DFFF21221A0150008D00E4 /* Info.plist */,
			);
			path = ParstagramUITests;
			sourceTree = "<group>";
		};
		B58524E63C5193F9F20CC2A0 /* Frameworks */ = {
			isa = PBXGroup;
			children = (
				53FF7A7D338573BDCBEC7261 /* Pods_Parstagram.framework */,
				4FD412162000CDFCF2642AA8 /* Pods_ParstagramTests.framework */,
				9E8C61335D583D84CA12C5A3 /* Pods_ParstagramUITests.framework */,
			);
			name = Frameworks;
			sourceTree = "<group>";
		};
/* End PBXGroup section */

/* Begin PBXNativeTarget section */
		92DFFEFB221A014E008D00E4 /* Parstagram */ = {
			isa = PBXNativeTarget;
			buildConfigurationList = 92DFFF24221A0150008D00E4 /* Build configuration list for PBXNativeTarget "Parstagram" */;
			buildPhases = (
				4BB6A50C6F8D034365A729FE /* [CP] Check Pods Manifest.lock */,
				92DFFEF8221A014E008D00E4 /* Sources */,
				92DFFEF9221A014E008D00E4 /* Frameworks */,
				92DFFEFA221A014E008D00E4 /* Resources */,
				D05A0BD942E9FFC67459EA48 /* [CP] Embed Pods Frameworks */,
			);
			buildRules = (
			);
			dependencies = (
			);
			name = Parstagram;
			productName = Parstagram;
			productReference = 92DFFEFC221A014E008D00E4 /* Parstagram.app */;
			productType = "com.apple.product-type.application";
		};
		92DFFF0F221A0150008D00E4 /* ParstagramTests */ = {
			isa = PBXNativeTarget;
			buildConfigurationList = 92DFFF27221A0150008D00E4 /* Build configuration list for PBXNativeTarget "ParstagramTests" */;
			buildPhases = (
				35003BB27D75CB5BF53DFA98 /* [CP] Check Pods Manifest.lock */,
				92DFFF0C221A0150008D00E4 /* Sources */,
				92DFFF0D221A0150008D00E4 /* Frameworks */,
				92DFFF0E221A0150008D00E4 /* Resources */,
			);
			buildRules = (
			);
			dependencies = (
				92DFFF12221A0150008D00E4 /* PBXTargetDependency */,
			);
			name = ParstagramTests;
			productName = ParstagramTests;
			productReference = 92DFFF10221A0150008D00E4 /* ParstagramTests.xctest */;
			productType = "com.apple.product-type.bundle.unit-test";
		};
		92DFFF1A221A0150008D00E4 /* ParstagramUITests */ = {
			isa = PBXNativeTarget;
			buildConfigurationList = 92DFFF2A221A0150008D00E4 /* Build configuration list for PBXNativeTarget "ParstagramUITests" */;
			buildPhases = (
				5E41A0127B916B86B2D0324B /* [CP] Check Pods Manifest.lock */,
				92DFFF17221A0150008D00E4 /* Sources */,
				92DFFF18221A0150008D00E4 /* Frameworks */,
				92DFFF19221A0150008D00E4 /* Resources */,
			);
			buildRules = (
			);
			dependencies = (
				92DFFF1D221A0150008D00E4 /* PBXTargetDependency */,
			);
			name = ParstagramUITests;
			productName = ParstagramUITests;
			productReference = 92DFFF1B221A0150008D00E4 /* ParstagramUITests.xctest */;
			productType = "com.apple.product-type.bundle.ui-testing";
		};
/* End PBXNativeTarget section */

/* Begin PBXProject section */
		92DFFEF4221A014E008D00E4 /* Project object */ = {
			isa = PBXProject;
			attributes = {
				LastSwiftUpdateCheck = 1010;
				LastUpgradeCheck = 1010;
				ORGANIZATIONNAME = "Zach Royko";
				TargetAttributes = {
					92DFFEFB221A014E008D00E4 = {
						CreatedOnToolsVersion = 10.1;
					};
					92DFFF0F221A0150008D00E4 = {
						CreatedOnToolsVersion = 10.1;
						TestTargetID = 92DFFEFB221A014E008D00E4;
					};
					92DFFF1A221A0150008D00E4 = {
						CreatedOnToolsVersion = 10.1;
						TestTargetID = 92DFFEFB221A014E008D00E4;
					};
				};
			};
			buildConfigurationList = 92DFFEF7221A014E008D00E4 /* Build configuration list for PBXProject "Parstagram" */;
			compatibilityVersion = "Xcode 9.3";
			developmentRegion = en;
			hasScannedForEncodings = 0;
			knownRegions = (
				en,
				Base,
			);
			mainGroup = 92DFFEF3221A014E008D00E4;
			productRefGroup = 92DFFEFD221A014E008D00E4 /* Products */;
			projectDirPath = "";
			projectRoot = "";
			targets = (
				92DFFEFB221A014E008D00E4 /* Parstagram */,
				92DFFF0F221A0150008D00E4 /* ParstagramTests */,
				92DFFF1A221A0150008D00E4 /* ParstagramUITests */,
			);
		};
/* End PBXProject section */

/* Begin PBXResourcesBuildPhase section */
		92DFFEFA221A014E008D00E4 /* Resources */ = {
			isa = PBXResourcesBuildPhase;
			buildActionMask = 2147483647;
			files = (
				92DFFF0A221A014F008D00E4 /* LaunchScreen.storyboard in Resources */,
				92DFFF07221A014F008D00E4 /* Assets.xcassets in Resources */,
				92DFFF05221A014E008D00E4 /* Main.storyboard in Resources */,
			);
			runOnlyForDeploymentPostprocessing = 0;
		};
		92DFFF0E221A0150008D00E4 /* Resources */ = {
			isa = PBXResourcesBuildPhase;
			buildActionMask = 2147483647;
			files = (
			);
			runOnlyForDeploymentPostprocessing = 0;
		};
		92DFFF19221A0150008D00E4 /* Resources */ = {
			isa = PBXResourcesBuildPhase;
			buildActionMask = 2147483647;
			files = (
			);
			runOnlyForDeploymentPostprocessing = 0;
		};
/* End PBXResourcesBuildPhase section */

/* Begin PBXShellScriptBuildPhase section */
		35003BB27D75CB5BF53DFA98 /* [CP] Check Pods Manifest.lock */ = {
			isa = PBXShellScriptBuildPhase;
			buildActionMask = 2147483647;
			files = (
			);
			inputFileListPaths = (
			);
			inputPaths = (
				"${PODS_PODFILE_DIR_PATH}/Podfile.lock",
				"${PODS_ROOT}/Manifest.lock",
			);
			name = "[CP] Check Pods Manifest.lock";
			outputFileListPaths = (
			);
			outputPaths = (
				"$(DERIVED_FILE_DIR)/Pods-ParstagramTests-checkManifestLockResult.txt",
			);
			runOnlyForDeploymentPostprocessing = 0;
			shellPath = /bin/sh;
			shellScript = "diff \"${PODS_PODFILE_DIR_PATH}/Podfile.lock\" \"${PODS_ROOT}/Manifest.lock\" > /dev/null\nif [ $? != 0 ] ; then\n    # print error to STDERR\n    echo \"error: The sandbox is not in sync with the Podfile.lock. Run 'pod install' or update your CocoaPods installation.\" >&2\n    exit 1\nfi\n# This output is used by Xcode 'outputs' to avoid re-running this script phase.\necho \"SUCCESS\" > \"${SCRIPT_OUTPUT_FILE_0}\"\n";
			showEnvVarsInLog = 0;
		};
		4BB6A50C6F8D034365A729FE /* [CP] Check Pods Manifest.lock */ = {
			isa = PBXShellScriptBuildPhase;
			buildActionMask = 2147483647;
			files = (
			);
			inputFileListPaths = (
			);
			inputPaths = (
				"${PODS_PODFILE_DIR_PATH}/Podfile.lock",
				"${PODS_ROOT}/Manifest.lock",
			);
			name = "[CP] Check Pods Manifest.lock";
			outputFileListPaths = (
			);
			outputPaths = (
				"$(DERIVED_FILE_DIR)/Pods-Parstagram-checkManifestLockResult.txt",
			);
			runOnlyForDeploymentPostprocessing = 0;
			shellPath = /bin/sh;
			shellScript = "diff \"${PODS_PODFILE_DIR_PATH}/Podfile.lock\" \"${PODS_ROOT}/Manifest.lock\" > /dev/null\nif [ $? != 0 ] ; then\n    # print error to STDERR\n    echo \"error: The sandbox is not in sync with the Podfile.lock. Run 'pod install' or update your CocoaPods installation.\" >&2\n    exit 1\nfi\n# This output is used by Xcode 'outputs' to avoid re-running this script phase.\necho \"SUCCESS\" > \"${SCRIPT_OUTPUT_FILE_0}\"\n";
			showEnvVarsInLog = 0;
		};
		5E41A0127B916B86B2D0324B /* [CP] Check Pods Manifest.lock */ = {
			isa = PBXShellScriptBuildPhase;
			buildActionMask = 2147483647;
			files = (
			);
			inputFileListPaths = (
			);
			inputPaths = (
				"${PODS_PODFILE_DIR_PATH}/Podfile.lock",
				"${PODS_ROOT}/Manifest.lock",
			);
			name = "[CP] Check Pods Manifest.lock";
			outputFileListPaths = (
			);
			outputPaths = (
				"$(DERIVED_FILE_DIR)/Pods-ParstagramUITests-checkManifestLockResult.txt",
			);
			runOnlyForDeploymentPostprocessing = 0;
			shellPath = /bin/sh;
			shellScript = "diff \"${PODS_PODFILE_DIR_PATH}/Podfile.lock\" \"${PODS_ROOT}/Manifest.lock\" > /dev/null\nif [ $? != 0 ] ; then\n    # print error to STDERR\n    echo \"error: The sandbox is not in sync with the Podfile.lock. Run 'pod install' or update your CocoaPods installation.\" >&2\n    exit 1\nfi\n# This output is used by Xcode 'outputs' to avoid re-running this script phase.\necho \"SUCCESS\" > \"${SCRIPT_OUTPUT_FILE_0}\"\n";
			showEnvVarsInLog = 0;
		};
		D05A0BD942E9FFC67459EA48 /* [CP] Embed Pods Frameworks */ = {
			isa = PBXShellScriptBuildPhase;
			buildActionMask = 2147483647;
			files = (
			);
			inputFileListPaths = (
			);
			inputPaths = (
				"${SRCROOT}/Pods/Target Support Files/Pods-Parstagram/Pods-Parstagram-frameworks.sh",
				"${BUILT_PRODUCTS_DIR}/Alamofire/Alamofire.framework",
				"${BUILT_PRODUCTS_DIR}/AlamofireImage/AlamofireImage.framework",
				"${BUILT_PRODUCTS_DIR}/Bolts/Bolts.framework",
				"${BUILT_PRODUCTS_DIR}/MessageInputBar/MessageInputBar.framework",
				"${BUILT_PRODUCTS_DIR}/Parse/Parse.framework",
			);
			name = "[CP] Embed Pods Frameworks";
			outputFileListPaths = (
			);
			outputPaths = (
				"${TARGET_BUILD_DIR}/${FRAMEWORKS_FOLDER_PATH}/Alamofire.framework",
				"${TARGET_BUILD_DIR}/${FRAMEWORKS_FOLDER_PATH}/AlamofireImage.framework",
				"${TARGET_BUILD_DIR}/${FRAMEWORKS_FOLDER_PATH}/Bolts.framework",
				"${TARGET_BUILD_DIR}/${FRAMEWORKS_FOLDER_PATH}/MessageInputBar.framework",
				"${TARGET_BUILD_DIR}/${FRAMEWORKS_FOLDER_PATH}/Parse.framework",
			);
			runOnlyForDeploymentPostprocessing = 0;
			shellPath = /bin/sh;
			shellScript = "\"${SRCROOT}/Pods/Target Support Files/Pods-Parstagram/Pods-Parstagram-frameworks.sh\"\n";
			showEnvVarsInLog = 0;
		};
/* End PBXShellScriptBuildPhase section */

/* Begin PBXSourcesBuildPhase section */
		92DFFEF8221A014E008D00E4 /* Sources */ = {
			isa = PBXSourcesBuildPhase;
			buildActionMask = 2147483647;
			files = (
				92DFFF2E221A15CD008D00E4 /* LoginViewController.swift in Sources */,
				92DFFF32221A1F63008D00E4 /* CameraViewController.swift in Sources */,
				92DFFF30221A15DB008D00E4 /* FeedViewController.swift in Sources */,
				92DFFF00221A014E008D00E4 /* AppDelegate.swift in Sources */,
				92DFFF34221A509A008D00E4 /* PostCell.swift in Sources */,
				929DBDAE22234B7700EDDF54 /* CommentCell.swift in Sources */,
			);
			runOnlyForDeploymentPostprocessing = 0;
		};
		92DFFF0C221A0150008D00E4 /* Sources */ = {
			isa = PBXSourcesBuildPhase;
			buildActionMask = 2147483647;
			files = (
				92DFFF15221A0150008D00E4 /* ParstagramTests.swift in Sources */,
			);
			runOnlyForDeploymentPostprocessing = 0;
		};
		92DFFF17221A0150008D00E4 /* Sources */ = {
			isa = PBXSourcesBuildPhase;
			buildActionMask = 2147483647;
			files = (
				92DFFF20221A0150008D00E4 /* ParstagramUITests.swift in Sources */,
			);
			runOnlyForDeploymentPostprocessing = 0;
		};
/* End PBXSourcesBuildPhase section */

/* Begin PBXTargetDependency section */
		92DFFF12221A0150008D00E4 /* PBXTargetDependency */ = {
			isa = PBXTargetDependency;
			target = 92DFFEFB221A014E008D00E4 /* Parstagram */;
			targetProxy = 92DFFF11221A0150008D00E4 /* PBXContainerItemProxy */;
		};
		92DFFF1D221A0150008D00E4 /* PBXTargetDependency */ = {
			isa = PBXTargetDependency;
			target = 92DFFEFB221A014E008D00E4 /* Parstagram */;
			targetProxy = 92DFFF1C221A0150008D00E4 /* PBXContainerItemProxy */;
		};
/* End PBXTargetDependency section */

/* Begin PBXVariantGroup section */
		92DFFF03221A014E008D00E4 /* Main.storyboard */ = {
			isa = PBXVariantGroup;
			children = (
				92DFFF04221A014E008D00E4 /* Base */,
			);
			name = Main.storyboard;
			sourceTree = "<group>";
		};
		92DFFF08221A014F008D00E4 /* LaunchScreen.storyboard */ = {
			isa = PBXVariantGroup;
			children = (
				92DFFF09221A014F008D00E4 /* Base */,
			);
			name = LaunchScreen.storyboard;
			sourceTree = "<group>";
		};
/* End PBXVariantGroup section */

/* Begin XCBuildConfiguration section */
		92DFFF22221A0150008D00E4 /* Debug */ = {
			isa = XCBuildConfiguration;
			buildSettings = {
				ALWAYS_SEARCH_USER_PATHS = NO;
				CLANG_ANALYZER_NONNULL = YES;
				CLANG_ANALYZER_NUMBER_OBJECT_CONVERSION = YES_AGGRESSIVE;
				CLANG_CXX_LANGUAGE_STANDARD = "gnu++14";
				CLANG_CXX_LIBRARY = "libc++";
				CLANG_ENABLE_MODULES = YES;
				CLANG_ENABLE_OBJC_ARC = YES;
				CLANG_ENABLE_OBJC_WEAK = YES;
				CLANG_WARN_BLOCK_CAPTURE_AUTORELEASING = YES;
				CLANG_WARN_BOOL_CONVERSION = YES;
				CLANG_WARN_COMMA = YES;
				CLANG_WARN_CONSTANT_CONVERSION = YES;
				CLANG_WARN_DEPRECATED_OBJC_IMPLEMENTATIONS = YES;
				CLANG_WARN_DIRECT_OBJC_ISA_USAGE = YES_ERROR;
				CLANG_WARN_DOCUMENTATION_COMMENTS = YES;
				CLANG_WARN_EMPTY_BODY = YES;
				CLANG_WARN_ENUM_CONVERSION = YES;
				CLANG_WARN_INFINITE_RECURSION = YES;
				CLANG_WARN_INT_CONVERSION = YES;
				CLANG_WARN_NON_LITERAL_NULL_CONVERSION = YES;
				CLANG_WARN_OBJC_IMPLICIT_RETAIN_SELF = YES;
				CLANG_WARN_OBJC_LITERAL_CONVERSION = YES;
				CLANG_WARN_OBJC_ROOT_CLASS = YES_ERROR;
				CLANG_WARN_RANGE_LOOP_ANALYSIS = YES;
				CLANG_WARN_STRICT_PROTOTYPES = YES;
				CLANG_WARN_SUSPICIOUS_MOVE = YES;
				CLANG_WARN_UNGUARDED_AVAILABILITY = YES_AGGRESSIVE;
				CLANG_WARN_UNREACHABLE_CODE = YES;
				CLANG_WARN__DUPLICATE_METHOD_MATCH = YES;
				CODE_SIGN_IDENTITY = "iPhone Developer";
				COPY_PHASE_STRIP = NO;
				DEBUG_INFORMATION_FORMAT = dwarf;
				ENABLE_STRICT_OBJC_MSGSEND = YES;
				ENABLE_TESTABILITY = YES;
				GCC_C_LANGUAGE_STANDARD = gnu11;
				GCC_DYNAMIC_NO_PIC = NO;
				GCC_NO_COMMON_BLOCKS = YES;
				GCC_OPTIMIZATION_LEVEL = 0;
				GCC_PREPROCESSOR_DEFINITIONS = (
					"DEBUG=1",
					"$(inherited)",
				);
				GCC_WARN_64_TO_32_BIT_CONVERSION = YES;
				GCC_WARN_ABOUT_RETURN_TYPE = YES_ERROR;
				GCC_WARN_UNDECLARED_SELECTOR = YES;
				GCC_WARN_UNINITIALIZED_AUTOS = YES_AGGRESSIVE;
				GCC_WARN_UNUSED_FUNCTION = YES;
				GCC_WARN_UNUSED_VARIABLE = YES;
				IPHONEOS_DEPLOYMENT_TARGET = 12.1;
				MTL_ENABLE_DEBUG_INFO = INCLUDE_SOURCE;
				MTL_FAST_MATH = YES;
				ONLY_ACTIVE_ARCH = YES;
				SDKROOT = iphoneos;
				SWIFT_ACTIVE_COMPILATION_CONDITIONS = DEBUG;
				SWIFT_OPTIMIZATION_LEVEL = "-Onone";
			};
			name = Debug;
		};
		92DFFF23221A0150008D00E4 /* Release */ = {
			isa = XCBuildConfiguration;
			buildSettings = {
				ALWAYS_SEARCH_USER_PATHS = NO;
				CLANG_ANALYZER_NONNULL = YES;
				CLANG_ANALYZER_NUMBER_OBJECT_CONVERSION = YES_AGGRESSIVE;
				CLANG_CXX_LANGUAGE_STANDARD = "gnu++14";
				CLANG_CXX_LIBRARY = "libc++";
				CLANG_ENABLE_MODULES = YES;
				CLANG_ENABLE_OBJC_ARC = YES;
				CLANG_ENABLE_OBJC_WEAK = YES;
				CLANG_WARN_BLOCK_CAPTURE_AUTORELEASING = YES;
				CLANG_WARN_BOOL_CONVERSION = YES;
				CLANG_WARN_COMMA = YES;
				CLANG_WARN_CONSTANT_CONVERSION = YES;
				CLANG_WARN_DEPRECATED_OBJC_IMPLEMENTATIONS = YES;
				CLANG_WARN_DIRECT_OBJC_ISA_USAGE = YES_ERROR;
				CLANG_WARN_DOCUMENTATION_COMMENTS = YES;
				CLANG_WARN_EMPTY_BODY = YES;
				CLANG_WARN_ENUM_CONVERSION = YES;
				CLANG_WARN_INFINITE_RECURSION = YES;
				CLANG_WARN_INT_CONVERSION = YES;
				CLANG_WARN_NON_LITERAL_NULL_CONVERSION = YES;
				CLANG_WARN_OBJC_IMPLICIT_RETAIN_SELF = YES;
				CLANG_WARN_OBJC_LITERAL_CONVERSION = YES;
				CLANG_WARN_OBJC_ROOT_CLASS = YES_ERROR;
				CLANG_WARN_RANGE_LOOP_ANALYSIS = YES;
				CLANG_WARN_STRICT_PROTOTYPES = YES;
				CLANG_WARN_SUSPICIOUS_MOVE = YES;
				CLANG_WARN_UNGUARDED_AVAILABILITY = YES_AGGRESSIVE;
				CLANG_WARN_UNREACHABLE_CODE = YES;
				CLANG_WARN__DUPLICATE_METHOD_MATCH = YES;
				CODE_SIGN_IDENTITY = "iPhone Developer";
				COPY_PHASE_STRIP = NO;
				DEBUG_INFORMATION_FORMAT = "dwarf-with-dsym";
				ENABLE_NS_ASSERTIONS = NO;
				ENABLE_STRICT_OBJC_MSGSEND = YES;
				GCC_C_LANGUAGE_STANDARD = gnu11;
				GCC_NO_COMMON_BLOCKS = YES;
				GCC_WARN_64_TO_32_BIT_CONVERSION = YES;
				GCC_WARN_ABOUT_RETURN_TYPE = YES_ERROR;
				GCC_WARN_UNDECLARED_SELECTOR = YES;
				GCC_WARN_UNINITIALIZED_AUTOS = YES_AGGRESSIVE;
				GCC_WARN_UNUSED_FUNCTION = YES;
				GCC_WARN_UNUSED_VARIABLE = YES;
				IPHONEOS_DEPLOYMENT_TARGET = 12.1;
				MTL_ENABLE_DEBUG_INFO = NO;
				MTL_FAST_MATH = YES;
				SDKROOT = iphoneos;
				SWIFT_COMPILATION_MODE = wholemodule;
				SWIFT_OPTIMIZATION_LEVEL = "-O";
				VALIDATE_PRODUCT = YES;
			};
			name = Release;
		};
		92DFFF25221A0150008D00E4 /* Debug */ = {
			isa = XCBuildConfiguration;
			baseConfigurationReference = 172EF0C1EAB60CBC4CB6CE12 /* Pods-Parstagram.debug.xcconfig */;
			buildSettings = {
				ASSETCATALOG_COMPILER_APPICON_NAME = AppIcon;
				CODE_SIGN_STYLE = Automatic;
				INFOPLIST_FILE = Parstagram/Info.plist;
				LD_RUNPATH_SEARCH_PATHS = (
					"$(inherited)",
					"@executable_path/Frameworks",
				);
				PRODUCT_BUNDLE_IDENTIFIER = zroyko.Parstagram;
				PRODUCT_NAME = "$(TARGET_NAME)";
				SWIFT_VERSION = 4.2;
				TARGETED_DEVICE_FAMILY = "1,2";
			};
			name = Debug;
		};
		92DFFF26221A0150008D00E4 /* Release */ = {
			isa = XCBuildConfiguration;
			baseConfigurationReference = 8DD0837C18850AE500FEF38A /* Pods-Parstagram.release.xcconfig */;
			buildSettings = {
				ASSETCATALOG_COMPILER_APPICON_NAME = AppIcon;
				CODE_SIGN_STYLE = Automatic;
				INFOPLIST_FILE = Parstagram/Info.plist;
				LD_RUNPATH_SEARCH_PATHS = (
					"$(inherited)",
					"@executable_path/Frameworks",
				);
				PRODUCT_BUNDLE_IDENTIFIER = zroyko.Parstagram;
				PRODUCT_NAME = "$(TARGET_NAME)";
				SWIFT_VERSION = 4.2;
				TARGETED_DEVICE_FAMILY = "1,2";
			};
			name = Release;
		};
		92DFFF28221A0150008D00E4 /* Debug */ = {
			isa = XCBuildConfiguration;
			baseConfigurationReference = 8A74B54F2741B79A204E7660 /* Pods-ParstagramTests.debug.xcconfig */;
			buildSettings = {
				ALWAYS_EMBED_SWIFT_STANDARD_LIBRARIES = YES;
				BUNDLE_LOADER = "$(TEST_HOST)";
				CODE_SIGN_STYLE = Automatic;
				INFOPLIST_FILE = ParstagramTests/Info.plist;
				LD_RUNPATH_SEARCH_PATHS = (
					"$(inherited)",
					"@executable_path/Frameworks",
					"@loader_path/Frameworks",
				);
				PRODUCT_BUNDLE_IDENTIFIER = zroyko.ParstagramTests;
				PRODUCT_NAME = "$(TARGET_NAME)";
				SWIFT_VERSION = 4.2;
				TARGETED_DEVICE_FAMILY = "1,2";
				TEST_HOST = "$(BUILT_PRODUCTS_DIR)/Parstagram.app/Parstagram";
			};
			name = Debug;
		};
		92DFFF29221A0150008D00E4 /* Release */ = {
			isa = XCBuildConfiguration;
			baseConfigurationReference = 8F31DE8E055A6919CAE4F2B4 /* Pods-ParstagramTests.release.xcconfig */;
			buildSettings = {
				ALWAYS_EMBED_SWIFT_STANDARD_LIBRARIES = YES;
				BUNDLE_LOADER = "$(TEST_HOST)";
				CODE_SIGN_STYLE = Automatic;
				INFOPLIST_FILE = ParstagramTests/Info.plist;
				LD_RUNPATH_SEARCH_PATHS = (
					"$(inherited)",
					"@executable_path/Frameworks",
					"@loader_path/Frameworks",
				);
				PRODUCT_BUNDLE_IDENTIFIER = zroyko.ParstagramTests;
				PRODUCT_NAME = "$(TARGET_NAME)";
				SWIFT_VERSION = 4.2;
				TARGETED_DEVICE_FAMILY = "1,2";
				TEST_HOST = "$(BUILT_PRODUCTS_DIR)/Parstagram.app/Parstagram";
			};
			name = Release;
		};
		92DFFF2B221A0150008D00E4 /* Debug */ = {
			isa = XCBuildConfiguration;
			baseConfigurationReference = 54FDB65B99E9C9479C16DB5A /* Pods-ParstagramUITests.debug.xcconfig */;
			buildSettings = {
				ALWAYS_EMBED_SWIFT_STANDARD_LIBRARIES = YES;
				CODE_SIGN_STYLE = Automatic;
				INFOPLIST_FILE = ParstagramUITests/Info.plist;
				LD_RUNPATH_SEARCH_PATHS = (
					"$(inherited)",
					"@executable_path/Frameworks",
					"@loader_path/Frameworks",
				);
				PRODUCT_BUNDLE_IDENTIFIER = zroyko.ParstagramUITests;
				PRODUCT_NAME = "$(TARGET_NAME)";
				SWIFT_VERSION = 4.2;
				TARGETED_DEVICE_FAMILY = "1,2";
				TEST_TARGET_NAME = Parstagram;
			};
			name = Debug;
		};
		92DFFF2C221A0150008D00E4 /* Release */ = {
			isa = XCBuildConfiguration;
			baseConfigurationReference = 4DCFE1281C74F5D799A2934B /* Pods-ParstagramUITests.release.xcconfig */;
			buildSettings = {
				ALWAYS_EMBED_SWIFT_STANDARD_LIBRARIES = YES;
				CODE_SIGN_STYLE = Automatic;
				INFOPLIST_FILE = ParstagramUITests/Info.plist;
				LD_RUNPATH_SEARCH_PATHS = (
					"$(inherited)",
					"@executable_path/Frameworks",
					"@loader_path/Frameworks",
				);
				PRODUCT_BUNDLE_IDENTIFIER = zroyko.ParstagramUITests;
				PRODUCT_NAME = "$(TARGET_NAME)";
				SWIFT_VERSION = 4.2;
				TARGETED_DEVICE_FAMILY = "1,2";
				TEST_TARGET_NAME = Parstagram;
			};
			name = Release;
		};
/* End XCBuildConfiguration section */

/* Begin XCConfigurationList section */
		92DFFEF7221A014E008D00E4 /* Build configuration list for PBXProject "Parstagram" */ = {
			isa = XCConfigurationList;
			buildConfigurations = (
				92DFFF22221A0150008D00E4 /* Debug */,
				92DFFF23221A0150008D00E4 /* Release */,
			);
			defaultConfigurationIsVisible = 0;
			defaultConfigurationName = Release;
		};
		92DFFF24221A0150008D00E4 /* Build configuration list for PBXNativeTarget "Parstagram" */ = {
			isa = XCConfigurationList;
			buildConfigurations = (
				92DFFF25221A0150008D00E4 /* Debug */,
				92DFFF26221A0150008D00E4 /* Release */,
			);
			defaultConfigurationIsVisible = 0;
			defaultConfigurationName = Release;
		};
		92DFFF27221A0150008D00E4 /* Build configuration list for PBXNativeTarget "ParstagramTests" */ = {
			isa = XCConfigurationList;
			buildConfigurations = (
				92DFFF28221A0150008D00E4 /* Debug */,
				92DFFF29221A0150008D00E4 /* Release */,
			);
			defaultConfigurationIsVisible = 0;
			defaultConfigurationName = Release;
		};
		92DFFF2A221A0150008D00E4 /* Build configuration list for PBXNativeTarget "ParstagramUITests" */ = {
			isa = XCConfigurationList;
			buildConfigurations = (
				92DFFF2B221A0150008D00E4 /* Debug */,
				92DFFF2C221A0150008D00E4 /* Release */,
			);
			defaultConfigurationIsVisible = 0;
			defaultConfigurationName = Release;
		};
/* End XCConfigurationList section */
	};
	rootObject = 92DFFEF4221A014E008D00E4 /* Project object */;
}
